
Microsoft Visual Studio Solution File, Format Version 12.00
# Visual Studio Version 17
VisualStudioVersion = 17.9.34723.18
MinimumVisualStudioVersion = 10.0.40219.1
Project("{FAE04EC0-301F-11D3-BF4B-00C04F79EFBC}") = "QuanLyShopDienThoai", "QuanLyShopDienThoai.csproj", "{EC315C5F-CD3B-4C13-8FBC-8AEE3ADB132A}"
EndProject
Global
	GlobalSection(SolutionConfigurationPlatforms) = preSolution
		Debug|Any CPU = Debug|Any CPU
		Release|Any CPU = Release|Any CPU
	EndGlobalSection
	GlobalSection(ProjectConfigurationPlatforms) = postSolution
		{EC315C5F-CD3B-4C13-8FBC-8AEE3ADB132A}.Debug|Any CPU.ActiveCfg = Debug|Any CPU
		{EC315C5F-CD3B-4C13-8FBC-8AEE3ADB132A}.Debug|Any CPU.Build.0 = Debug|Any CPU
		{EC315C5F-CD3B-4C13-8FBC-8AEE3ADB132A}.Release|Any CPU.ActiveCfg = Release|Any CPU
		{EC315C5F-CD3B-4C13-8FBC-8AEE3ADB132A}.Release|Any CPU.Build.0 = Release|Any CPU
	EndGlobalSection
	GlobalSection(SolutionProperties) = preSolution
		HideSolutionNode = FALSE
	EndGlobalSection
	GlobalSection(ExtensibilityGlobals) = postSolution
		SolutionGuid = {93F44DAB-E5F1-43D2-B57F-E5C9B78AF0C4}
	EndGlobalSection
EndGlobal
